// !$*UTF8*$!
{
	archiveVersion = 1;
	classes = {
	};
	objectVersion = 50;
	objects = {

/* Begin PBXBuildFile section */
		8D0F62BA22BC0AE400C24AC0 /* LandmarkCellViewModel.swift in Sources */ = {isa = PBXBuildFile; fileRef = 8D0F62B922BC0AE400C24AC0 /* LandmarkCellViewModel.swift */; };
		8D30A9C622B43D4800B95EBB /* Theme.swift in Sources */ = {isa = PBXBuildFile; fileRef = 8D30A9C522B43D4800B95EBB /* Theme.swift */; };
		8D6DDCA522B2A5B30013E22F /* UserDefault.swift in Sources */ = {isa = PBXBuildFile; fileRef = 8D6DDCA422B2A5B30013E22F /* UserDefault.swift */; };
		8D6DED4B22B42FA100747E9F /* ContentView.swift in Sources */ = {isa = PBXBuildFile; fileRef = 8D6DED4A22B42FA100747E9F /* ContentView.swift */; };
		8D99A0E622BC29920036352A /* Repository.swift in Sources */ = {isa = PBXBuildFile; fileRef = 8D99A0E522BC29920036352A /* Repository.swift */; };
		FC57E01822B0AEAC003A0558 /* Landmark.swift in Sources */ = {isa = PBXBuildFile; fileRef = FC57E01722B0AEAC003A0558 /* Landmark.swift */; };
		FC57E01A22B0B06D003A0558 /* Coordinates.swift in Sources */ = {isa = PBXBuildFile; fileRef = FC57E01922B0B06D003A0558 /* Coordinates.swift */; };
		FC57E01D22B0B0C5003A0558 /* Landmark.json in Resources */ = {isa = PBXBuildFile; fileRef = FC57E01C22B0B0C5003A0558 /* Landmark.json */; };
		FC57E02022B0B10C003A0558 /* JSONReader.swift in Sources */ = {isa = PBXBuildFile; fileRef = FC57E01F22B0B10C003A0558 /* JSONReader.swift */; };
		FC57E02222B0B335003A0558 /* LandmarkRow.swift in Sources */ = {isa = PBXBuildFile; fileRef = FC57E02122B0B335003A0558 /* LandmarkRow.swift */; };
		FC57E02422B0B6AF003A0558 /* LandmarkList.swift in Sources */ = {isa = PBXBuildFile; fileRef = FC57E02322B0B6AF003A0558 /* LandmarkList.swift */; };
		FC91134122B87FDE006DE266 /* CategoryHomeView.swift in Sources */ = {isa = PBXBuildFile; fileRef = FC91134022B87FDD006DE266 /* CategoryHomeView.swift */; };
		FC91134422B880A6006DE266 /* CategoryRow.swift in Sources */ = {isa = PBXBuildFile; fileRef = FC91134322B880A6006DE266 /* CategoryRow.swift */; };
		FC91134622B8820C006DE266 /* CategoryItem.swift in Sources */ = {isa = PBXBuildFile; fileRef = FC91134522B8820C006DE266 /* CategoryItem.swift */; };
		FC91134822B8831B006DE266 /* FeaturedLandmarksView.swift in Sources */ = {isa = PBXBuildFile; fileRef = FC91134722B8831B006DE266 /* FeaturedLandmarksView.swift */; };
		FCA5C15C22B1D535003864D2 /* LandmarkDetailViewModel.swift in Sources */ = {isa = PBXBuildFile; fileRef = FCA5C15B22B1D535003864D2 /* LandmarkDetailViewModel.swift */; };
		FCBD55B822B9E8CC00DF17A1 /* CategoryViewModel.swift in Sources */ = {isa = PBXBuildFile; fileRef = FCBD55B722B9E8CC00DF17A1 /* CategoryViewModel.swift */; };
		FCBD55BA22B9E8EC00DF17A1 /* FeaturedLandmarksViewModel.swift in Sources */ = {isa = PBXBuildFile; fileRef = FCBD55B922B9E8EC00DF17A1 /* FeaturedLandmarksViewModel.swift */; };
		FCBD55BE22B9E90C00DF17A1 /* CategoryRowViewModel.swift in Sources */ = {isa = PBXBuildFile; fileRef = FCBD55BD22B9E90C00DF17A1 /* CategoryRowViewModel.swift */; };
		FCBD55C022B9E92400DF17A1 /* LandmarkListViewModel.swift in Sources */ = {isa = PBXBuildFile; fileRef = FCBD55BF22B9E92400DF17A1 /* LandmarkListViewModel.swift */; };
		FCFA8F7022B0A64200DABBDE /* AppDelegate.swift in Sources */ = {isa = PBXBuildFile; fileRef = FCFA8F6F22B0A64200DABBDE /* AppDelegate.swift */; };
		FCFA8F7222B0A64200DABBDE /* SceneDelegate.swift in Sources */ = {isa = PBXBuildFile; fileRef = FCFA8F7122B0A64200DABBDE /* SceneDelegate.swift */; };
		FCFA8F7422B0A64200DABBDE /* LandmarkDetailView.swift in Sources */ = {isa = PBXBuildFile; fileRef = FCFA8F7322B0A64200DABBDE /* LandmarkDetailView.swift */; };
		FCFA8F7622B0A64600DABBDE /* Assets.xcassets in Resources */ = {isa = PBXBuildFile; fileRef = FCFA8F7522B0A64600DABBDE /* Assets.xcassets */; };
		FCFA8F7922B0A64600DABBDE /* Preview Assets.xcassets in Resources */ = {isa = PBXBuildFile; fileRef = FCFA8F7822B0A64600DABBDE /* Preview Assets.xcassets */; };
		FCFA8F7C22B0A64600DABBDE /* LaunchScreen.storyboard in Resources */ = {isa = PBXBuildFile; fileRef = FCFA8F7A22B0A64600DABBDE /* LaunchScreen.storyboard */; };
		FCFA8F8622B0AA3F00DABBDE /* CircleImage.swift in Sources */ = {isa = PBXBuildFile; fileRef = FCFA8F8522B0AA3F00DABBDE /* CircleImage.swift */; };
		FCFA8F8922B0ABD500DABBDE /* MapView.swift in Sources */ = {isa = PBXBuildFile; fileRef = FCFA8F8822B0ABD500DABBDE /* MapView.swift */; };
/* End PBXBuildFile section */

/* Begin PBXFileReference section */
		8D0F62B922BC0AE400C24AC0 /* LandmarkCellViewModel.swift */ = {isa = PBXFileReference; lastKnownFileType = sourcecode.swift; path = LandmarkCellViewModel.swift; sourceTree = "<group>"; };
		8D30A9C522B43D4800B95EBB /* Theme.swift */ = {isa = PBXFileReference; lastKnownFileType = sourcecode.swift; path = Theme.swift; sourceTree = "<group>"; };
		8D6DDCA422B2A5B30013E22F /* UserDefault.swift */ = {isa = PBXFileReference; lastKnownFileType = sourcecode.swift; path = UserDefault.swift; sourceTree = "<group>"; };
		8D6DED4A22B42FA100747E9F /* ContentView.swift */ = {isa = PBXFileReference; lastKnownFileType = sourcecode.swift; path = ContentView.swift; sourceTree = "<group>"; };
		8D99A0E522BC29920036352A /* Repository.swift */ = {isa = PBXFileReference; lastKnownFileType = sourcecode.swift; path = Repository.swift; sourceTree = "<group>"; };
		FC57E01722B0AEAC003A0558 /* Landmark.swift */ = {isa = PBXFileReference; lastKnownFileType = sourcecode.swift; path = Landmark.swift; sourceTree = "<group>"; };
		FC57E01922B0B06D003A0558 /* Coordinates.swift */ = {isa = PBXFileReference; lastKnownFileType = sourcecode.swift; path = Coordinates.swift; sourceTree = "<group>"; };
		FC57E01C22B0B0C5003A0558 /* Landmark.json */ = {isa = PBXFileReference; lastKnownFileType = text.json; path = Landmark.json; sourceTree = "<group>"; };
		FC57E01F22B0B10C003A0558 /* JSONReader.swift */ = {isa = PBXFileReference; lastKnownFileType = sourcecode.swift; path = JSONReader.swift; sourceTree = "<group>"; };
		FC57E02122B0B335003A0558 /* LandmarkRow.swift */ = {isa = PBXFileReference; lastKnownFileType = sourcecode.swift; path = LandmarkRow.swift; sourceTree = "<group>"; };
		FC57E02322B0B6AF003A0558 /* LandmarkList.swift */ = {isa = PBXFileReference; lastKnownFileType = sourcecode.swift; path = LandmarkList.swift; sourceTree = "<group>"; };
		FC91134022B87FDD006DE266 /* CategoryHomeView.swift */ = {isa = PBXFileReference; lastKnownFileType = sourcecode.swift; path = CategoryHomeView.swift; sourceTree = "<group>"; };
		FC91134322B880A6006DE266 /* CategoryRow.swift */ = {isa = PBXFileReference; lastKnownFileType = sourcecode.swift; path = CategoryRow.swift; sourceTree = "<group>"; };
		FC91134522B8820C006DE266 /* CategoryItem.swift */ = {isa = PBXFileReference; lastKnownFileType = sourcecode.swift; path = CategoryItem.swift; sourceTree = "<group>"; };
		FC91134722B8831B006DE266 /* FeaturedLandmarksView.swift */ = {isa = PBXFileReference; lastKnownFileType = sourcecode.swift; path = FeaturedLandmarksView.swift; sourceTree = "<group>"; };
		FCA5C15B22B1D535003864D2 /* LandmarkDetailViewModel.swift */ = {isa = PBXFileReference; lastKnownFileType = sourcecode.swift; path = LandmarkDetailViewModel.swift; sourceTree = "<group>"; };
		FCBD55B722B9E8CC00DF17A1 /* CategoryViewModel.swift */ = {isa = PBXFileReference; lastKnownFileType = sourcecode.swift; path = CategoryViewModel.swift; sourceTree = "<group>"; };
		FCBD55B922B9E8EC00DF17A1 /* FeaturedLandmarksViewModel.swift */ = {isa = PBXFileReference; lastKnownFileType = sourcecode.swift; path = FeaturedLandmarksViewModel.swift; sourceTree = "<group>"; };
		FCBD55BD22B9E90C00DF17A1 /* CategoryRowViewModel.swift */ = {isa = PBXFileReference; lastKnownFileType = sourcecode.swift; path = CategoryRowViewModel.swift; sourceTree = "<group>"; };
		FCBD55BF22B9E92400DF17A1 /* LandmarkListViewModel.swift */ = {isa = PBXFileReference; lastKnownFileType = sourcecode.swift; path = LandmarkListViewModel.swift; sourceTree = "<group>"; };
		FCFA8F6C22B0A64200DABBDE /* SwiftUIExample.app */ = {isa = PBXFileReference; explicitFileType = wrapper.application; includeInIndex = 0; path = SwiftUIExample.app; sourceTree = BUILT_PRODUCTS_DIR; };
		FCFA8F6F22B0A64200DABBDE /* AppDelegate.swift */ = {isa = PBXFileReference; lastKnownFileType = sourcecode.swift; path = AppDelegate.swift; sourceTree = "<group>"; };
		FCFA8F7122B0A64200DABBDE /* SceneDelegate.swift */ = {isa = PBXFileReference; lastKnownFileType = sourcecode.swift; path = SceneDelegate.swift; sourceTree = "<group>"; };
		FCFA8F7322B0A64200DABBDE /* LandmarkDetailView.swift */ = {isa = PBXFileReference; lastKnownFileType = sourcecode.swift; path = LandmarkDetailView.swift; sourceTree = "<group>"; };
		FCFA8F7522B0A64600DABBDE /* Assets.xcassets */ = {isa = PBXFileReference; lastKnownFileType = folder.assetcatalog; path = Assets.xcassets; sourceTree = "<group>"; };
		FCFA8F7822B0A64600DABBDE /* Preview Assets.xcassets */ = {isa = PBXFileReference; lastKnownFileType = folder.assetcatalog; path = "Preview Assets.xcassets"; sourceTree = "<group>"; };
		FCFA8F7B22B0A64600DABBDE /* Base */ = {isa = PBXFileReference; lastKnownFileType = file.storyboard; name = Base; path = Base.lproj/LaunchScreen.storyboard; sourceTree = "<group>"; };
		FCFA8F7D22B0A64600DABBDE /* Info.plist */ = {isa = PBXFileReference; lastKnownFileType = text.plist.xml; path = Info.plist; sourceTree = "<group>"; };
		FCFA8F8522B0AA3F00DABBDE /* CircleImage.swift */ = {isa = PBXFileReference; lastKnownFileType = sourcecode.swift; path = CircleImage.swift; sourceTree = "<group>"; };
		FCFA8F8822B0ABD500DABBDE /* MapView.swift */ = {isa = PBXFileReference; lastKnownFileType = sourcecode.swift; path = MapView.swift; sourceTree = "<group>"; };
/* End PBXFileReference section */

/* Begin PBXFrameworksBuildPhase section */
		FCFA8F6922B0A64200DABBDE /* Frameworks */ = {
			isa = PBXFrameworksBuildPhase;
			buildActionMask = 2147483647;
			files = (
			);
			runOnlyForDeploymentPostprocessing = 0;
		};
/* End PBXFrameworksBuildPhase section */

/* Begin PBXGroup section */
		FC57E01522B0AE95003A0558 /* View */ = {
			isa = PBXGroup;
			children = (
				8D6DED4A22B42FA100747E9F /* ContentView.swift */,
				FC91134222B88094006DE266 /* Category */,
				FC57E02322B0B6AF003A0558 /* LandmarkList.swift */,
				FCFA8F7322B0A64200DABBDE /* LandmarkDetailView.swift */,
				FC57E02122B0B335003A0558 /* LandmarkRow.swift */,
				FCFA8F8522B0AA3F00DABBDE /* CircleImage.swift */,
				FCFA8F8822B0ABD500DABBDE /* MapView.swift */,
			);
			path = View;
			sourceTree = "<group>";
		};
		FC57E01622B0AE9F003A0558 /* Model */ = {
			isa = PBXGroup;
			children = (
				FC57E01722B0AEAC003A0558 /* Landmark.swift */,
				FC57E01922B0B06D003A0558 /* Coordinates.swift */,
				8D30A9C522B43D4800B95EBB /* Theme.swift */,
			);
			path = Model;
			sourceTree = "<group>";
		};
		FC57E01B22B0B0B6003A0558 /* Resource */ = {
			isa = PBXGroup;
			children = (
				FC57E01C22B0B0C5003A0558 /* Landmark.json */,
			);
			path = Resource;
			sourceTree = "<group>";
		};
		FC57E01E22B0B0F4003A0558 /* Utility */ = {
			isa = PBXGroup;
			children = (
				FC57E01F22B0B10C003A0558 /* JSONReader.swift */,
				8D6DDCA422B2A5B30013E22F /* UserDefault.swift */,
				8D99A0E522BC29920036352A /* Repository.swift */,
			);
			path = Utility;
			sourceTree = "<group>";
		};
		FC91134222B88094006DE266 /* Category */ = {
			isa = PBXGroup;
			children = (
				FC91134022B87FDD006DE266 /* CategoryHomeView.swift */,
				FC91134322B880A6006DE266 /* CategoryRow.swift */,
				FC91134522B8820C006DE266 /* CategoryItem.swift */,
				FC91134722B8831B006DE266 /* FeaturedLandmarksView.swift */,
			);
			path = Category;
			sourceTree = "<group>";
		};
		FCBD55C122B9EA0600DF17A1 /* ViewModel */ = {
			isa = PBXGroup;
			children = (
				FCBD55B922B9E8EC00DF17A1 /* FeaturedLandmarksViewModel.swift */,
				FCBD55B722B9E8CC00DF17A1 /* CategoryViewModel.swift */,
				FCBD55BD22B9E90C00DF17A1 /* CategoryRowViewModel.swift */,
				FCBD55BF22B9E92400DF17A1 /* LandmarkListViewModel.swift */,
				8D0F62B922BC0AE400C24AC0 /* LandmarkCellViewModel.swift */,
				FCA5C15B22B1D535003864D2 /* LandmarkDetailViewModel.swift */,
			);
			path = ViewModel;
			sourceTree = "<group>";
		};
		FCFA8F6322B0A64200DABBDE = {
			isa = PBXGroup;
			children = (
				FCFA8F6E22B0A64200DABBDE /* SwiftUIExample */,
				FCFA8F6D22B0A64200DABBDE /* Products */,
			);
			sourceTree = "<group>";
		};
		FCFA8F6D22B0A64200DABBDE /* Products */ = {
			isa = PBXGroup;
			children = (
				FCFA8F6C22B0A64200DABBDE /* SwiftUIExample.app */,
			);
			name = Products;
			sourceTree = "<group>";
		};
		FCFA8F6E22B0A64200DABBDE /* SwiftUIExample */ = {
			isa = PBXGroup;
			children = (
				FCFA8F6F22B0A64200DABBDE /* AppDelegate.swift */,
				FCFA8F7122B0A64200DABBDE /* SceneDelegate.swift */,
				FCBD55C122B9EA0600DF17A1 /* ViewModel */,
				FC57E01E22B0B0F4003A0558 /* Utility */,
				FC57E01B22B0B0B6003A0558 /* Resource */,
				FC57E01622B0AE9F003A0558 /* Model */,
				FC57E01522B0AE95003A0558 /* View */,
				FCFA8F7522B0A64600DABBDE /* Assets.xcassets */,
				FCFA8F7A22B0A64600DABBDE /* LaunchScreen.storyboard */,
				FCFA8F7D22B0A64600DABBDE /* Info.plist */,
				FCFA8F7722B0A64600DABBDE /* Preview Content */,
			);
			path = SwiftUIExample;
			sourceTree = "<group>";
		};
		FCFA8F7722B0A64600DABBDE /* Preview Content */ = {
			isa = PBXGroup;
			children = (
				FCFA8F7822B0A64600DABBDE /* Preview Assets.xcassets */,
			);
			path = "Preview Content";
			sourceTree = "<group>";
		};
/* End PBXGroup section */

/* Begin PBXNativeTarget section */
		FCFA8F6B22B0A64200DABBDE /* SwiftUIExample */ = {
			isa = PBXNativeTarget;
			buildConfigurationList = FCFA8F8022B0A64600DABBDE /* Build configuration list for PBXNativeTarget "SwiftUIExample" */;
			buildPhases = (
				FCFA8F6822B0A64200DABBDE /* Sources */,
				FCFA8F6922B0A64200DABBDE /* Frameworks */,
				FCFA8F6A22B0A64200DABBDE /* Resources */,
			);
			buildRules = (
			);
			dependencies = (
			);
			name = SwiftUIExample;
			productName = SwiftUIExample;
			productReference = FCFA8F6C22B0A64200DABBDE /* SwiftUIExample.app */;
			productType = "com.apple.product-type.application";
		};
/* End PBXNativeTarget section */

/* Begin PBXProject section */
		FCFA8F6422B0A64200DABBDE /* Project object */ = {
			isa = PBXProject;
			attributes = {
				LastSwiftUpdateCheck = 1100;
				LastUpgradeCheck = 1100;
				ORGANIZATIONNAME = GwangYongLee;
				TargetAttributes = {
					FCFA8F6B22B0A64200DABBDE = {
						CreatedOnToolsVersion = 11.0;
					};
				};
			};
			buildConfigurationList = FCFA8F6722B0A64200DABBDE /* Build configuration list for PBXProject "SwiftUIExample" */;
			compatibilityVersion = "Xcode 9.3";
			developmentRegion = en;
			hasScannedForEncodings = 0;
			knownRegions = (
				en,
				Base,
			);
			mainGroup = FCFA8F6322B0A64200DABBDE;
			productRefGroup = FCFA8F6D22B0A64200DABBDE /* Products */;
			projectDirPath = "";
			projectRoot = "";
			targets = (
				FCFA8F6B22B0A64200DABBDE /* SwiftUIExample */,
			);
		};
/* End PBXProject section */

/* Begin PBXResourcesBuildPhase section */
		FCFA8F6A22B0A64200DABBDE /* Resources */ = {
			isa = PBXResourcesBuildPhase;
			buildActionMask = 2147483647;
			files = (
				FCFA8F7C22B0A64600DABBDE /* LaunchScreen.storyboard in Resources */,
				FCFA8F7922B0A64600DABBDE /* Preview Assets.xcassets in Resources */,
				FCFA8F7622B0A64600DABBDE /* Assets.xcassets in Resources */,
				FC57E01D22B0B0C5003A0558 /* Landmark.json in Resources */,
			);
			runOnlyForDeploymentPostprocessing = 0;
		};
/* End PBXResourcesBuildPhase section */

/* Begin PBXSourcesBuildPhase section */
		FCFA8F6822B0A64200DABBDE /* Sources */ = {
			isa = PBXSourcesBuildPhase;
			buildActionMask = 2147483647;
			files = (
				8D0F62BA22BC0AE400C24AC0 /* LandmarkCellViewModel.swift in Sources */,
				FC57E02022B0B10C003A0558 /* JSONReader.swift in Sources */,
				FCFA8F7022B0A64200DABBDE /* AppDelegate.swift in Sources */,
				FC91134422B880A6006DE266 /* CategoryRow.swift in Sources */,
				FCFA8F8622B0AA3F00DABBDE /* CircleImage.swift in Sources */,
				FC57E01A22B0B06D003A0558 /* Coordinates.swift in Sources */,
				FCFA8F8922B0ABD500DABBDE /* MapView.swift in Sources */,
				FC91134122B87FDE006DE266 /* CategoryHomeView.swift in Sources */,
				FCA5C15C22B1D535003864D2 /* LandmarkDetailViewModel.swift in Sources */,
				FCBD55BA22B9E8EC00DF17A1 /* FeaturedLandmarksViewModel.swift in Sources */,
				FC57E01822B0AEAC003A0558 /* Landmark.swift in Sources */,
				8D99A0E622BC29920036352A /* Repository.swift in Sources */,
				FC57E02222B0B335003A0558 /* LandmarkRow.swift in Sources */,
				FCBD55B822B9E8CC00DF17A1 /* CategoryViewModel.swift in Sources */,
				FC91134822B8831B006DE266 /* FeaturedLandmarksView.swift in Sources */,
				8D6DDCA522B2A5B30013E22F /* UserDefault.swift in Sources */,
				FCBD55BE22B9E90C00DF17A1 /* CategoryRowViewModel.swift in Sources */,
				FCFA8F7222B0A64200DABBDE /* SceneDelegate.swift in Sources */,
				FCBD55C022B9E92400DF17A1 /* LandmarkListViewModel.swift in Sources */,
				FC91134622B8820C006DE266 /* CategoryItem.swift in Sources */,
				8D6DED4B22B42FA100747E9F /* ContentView.swift in Sources */,
				FCFA8F7422B0A64200DABBDE /* LandmarkDetailView.swift in Sources */,
				FC57E02422B0B6AF003A0558 /* LandmarkList.swift in Sources */,
				8D30A9C622B43D4800B95EBB /* Theme.swift in Sources */,
			);
			runOnlyForDeploymentPostprocessing = 0;
		};
/* End PBXSourcesBuildPhase section */

/* Begin PBXVariantGroup section */
		FCFA8F7A22B0A64600DABBDE /* LaunchScreen.storyboard */ = {
			isa = PBXVariantGroup;
			children = (
				FCFA8F7B22B0A64600DABBDE /* Base */,
			);
			name = LaunchScreen.storyboard;
			sourceTree = "<group>";
		};
/* End PBXVariantGroup section */

/* Begin XCBuildConfiguration section */
		FCFA8F7E22B0A64600DABBDE /* Debug */ = {
			isa = XCBuildConfiguration;
			buildSettings = {
				ALWAYS_SEARCH_USER_PATHS = NO;
				CLANG_ANALYZER_NONNULL = YES;
				CLANG_ANALYZER_NUMBER_OBJECT_CONVERSION = YES_AGGRESSIVE;
				CLANG_CXX_LANGUAGE_STANDARD = "gnu++14";
				CLANG_CXX_LIBRARY = "libc++";
				CLANG_ENABLE_MODULES = YES;
				CLANG_ENABLE_OBJC_ARC = YES;
				CLANG_ENABLE_OBJC_WEAK = YES;
				CLANG_WARN_BLOCK_CAPTURE_AUTORELEASING = YES;
				CLANG_WARN_BOOL_CONVERSION = YES;
				CLANG_WARN_COMMA = YES;
				CLANG_WARN_CONSTANT_CONVERSION = YES;
				CLANG_WARN_DEPRECATED_OBJC_IMPLEMENTATIONS = YES;
				CLANG_WARN_DIRECT_OBJC_ISA_USAGE = YES_ERROR;
				CLANG_WARN_DOCUMENTATION_COMMENTS = YES;
				CLANG_WARN_EMPTY_BODY = YES;
				CLANG_WARN_ENUM_CONVERSION = YES;
				CLANG_WARN_INFINITE_RECURSION = YES;
				CLANG_WARN_INT_CONVERSION = YES;
				CLANG_WARN_NON_LITERAL_NULL_CONVERSION = YES;
				CLANG_WARN_OBJC_IMPLICIT_RETAIN_SELF = YES;
				CLANG_WARN_OBJC_LITERAL_CONVERSION = YES;
				CLANG_WARN_OBJC_ROOT_CLASS = YES_ERROR;
				CLANG_WARN_RANGE_LOOP_ANALYSIS = YES;
				CLANG_WARN_STRICT_PROTOTYPES = YES;
				CLANG_WARN_SUSPICIOUS_MOVE = YES;
				CLANG_WARN_UNGUARDED_AVAILABILITY = YES_AGGRESSIVE;
				CLANG_WARN_UNREACHABLE_CODE = YES;
				CLANG_WARN__DUPLICATE_METHOD_MATCH = YES;
				COPY_PHASE_STRIP = NO;
				DEBUG_INFORMATION_FORMAT = dwarf;
				ENABLE_STRICT_OBJC_MSGSEND = YES;
				ENABLE_TESTABILITY = YES;
				GCC_C_LANGUAGE_STANDARD = gnu11;
				GCC_DYNAMIC_NO_PIC = NO;
				GCC_NO_COMMON_BLOCKS = YES;
				GCC_OPTIMIZATION_LEVEL = 0;
				GCC_PREPROCESSOR_DEFINITIONS = (
					"DEBUG=1",
					"$(inherited)",
				);
				GCC_WARN_64_TO_32_BIT_CONVERSION = YES;
				GCC_WARN_ABOUT_RETURN_TYPE = YES_ERROR;
				GCC_WARN_UNDECLARED_SELECTOR = YES;
				GCC_WARN_UNINITIALIZED_AUTOS = YES_AGGRESSIVE;
				GCC_WARN_UNUSED_FUNCTION = YES;
				GCC_WARN_UNUSED_VARIABLE = YES;
				IPHONEOS_DEPLOYMENT_TARGET = 13.0;
				MTL_ENABLE_DEBUG_INFO = INCLUDE_SOURCE;
				MTL_FAST_MATH = YES;
				ONLY_ACTIVE_ARCH = YES;
				SDKROOT = iphoneos;
				SWIFT_ACTIVE_COMPILATION_CONDITIONS = DEBUG;
				SWIFT_OPTIMIZATION_LEVEL = "-Onone";
			};
			name = Debug;
		};
		FCFA8F7F22B0A64600DABBDE /* Release */ = {
			isa = XCBuildConfiguration;
			buildSettings = {
				ALWAYS_SEARCH_USER_PATHS = NO;
				CLANG_ANALYZER_NONNULL = YES;
				CLANG_ANALYZER_NUMBER_OBJECT_CONVERSION = YES_AGGRESSIVE;
				CLANG_CXX_LANGUAGE_STANDARD = "gnu++14";
				CLANG_CXX_LIBRARY = "libc++";
				CLANG_ENABLE_MODULES = YES;
				CLANG_ENABLE_OBJC_ARC = YES;
				CLANG_ENABLE_OBJC_WEAK = YES;
				CLANG_WARN_BLOCK_CAPTURE_AUTORELEASING = YES;
				CLANG_WARN_BOOL_CONVERSION = YES;
				CLANG_WARN_COMMA = YES;
				CLANG_WARN_CONSTANT_CONVERSION = YES;
				CLANG_WARN_DEPRECATED_OBJC_IMPLEMENTATIONS = YES;
				CLANG_WARN_DIRECT_OBJC_ISA_USAGE = YES_ERROR;
				CLANG_WARN_DOCUMENTATION_COMMENTS = YES;
				CLANG_WARN_EMPTY_BODY = YES;
				CLANG_WARN_ENUM_CONVERSION = YES;
				CLANG_WARN_INFINITE_RECURSION = YES;
				CLANG_WARN_INT_CONVERSION = YES;
				CLANG_WARN_NON_LITERAL_NULL_CONVERSION = YES;
				CLANG_WARN_OBJC_IMPLICIT_RETAIN_SELF = YES;
				CLANG_WARN_OBJC_LITERAL_CONVERSION = YES;
				CLANG_WARN_OBJC_ROOT_CLASS = YES_ERROR;
				CLANG_WARN_RANGE_LOOP_ANALYSIS = YES;
				CLANG_WARN_STRICT_PROTOTYPES = YES;
				CLANG_WARN_SUSPICIOUS_MOVE = YES;
				CLANG_WARN_UNGUARDED_AVAILABILITY = YES_AGGRESSIVE;
				CLANG_WARN_UNREACHABLE_CODE = YES;
				CLANG_WARN__DUPLICATE_METHOD_MATCH = YES;
				COPY_PHASE_STRIP = NO;
				DEBUG_INFORMATION_FORMAT = "dwarf-with-dsym";
				ENABLE_NS_ASSERTIONS = NO;
				ENABLE_STRICT_OBJC_MSGSEND = YES;
				GCC_C_LANGUAGE_STANDARD = gnu11;
				GCC_NO_COMMON_BLOCKS = YES;
				GCC_WARN_64_TO_32_BIT_CONVERSION = YES;
				GCC_WARN_ABOUT_RETURN_TYPE = YES_ERROR;
				GCC_WARN_UNDECLARED_SELECTOR = YES;
				GCC_WARN_UNINITIALIZED_AUTOS = YES_AGGRESSIVE;
				GCC_WARN_UNUSED_FUNCTION = YES;
				GCC_WARN_UNUSED_VARIABLE = YES;
				IPHONEOS_DEPLOYMENT_TARGET = 13.0;
				MTL_ENABLE_DEBUG_INFO = NO;
				MTL_FAST_MATH = YES;
				SDKROOT = iphoneos;
				SWIFT_COMPILATION_MODE = wholemodule;
				SWIFT_OPTIMIZATION_LEVEL = "-O";
				VALIDATE_PRODUCT = YES;
			};
			name = Release;
		};
		FCFA8F8122B0A64600DABBDE /* Debug */ = {
			isa = XCBuildConfiguration;
			buildSettings = {
				ASSETCATALOG_COMPILER_APPICON_NAME = AppIcon;
				CODE_SIGN_STYLE = Automatic;
				DEVELOPMENT_ASSET_PATHS = "SwiftUIExample/Preview\\ Content";
				DEVELOPMENT_TEAM = 2HN43854TM;
				ENABLE_PREVIEWS = YES;
				INFOPLIST_FILE = SwiftUIExample/Info.plist;
				LD_RUNPATH_SEARCH_PATHS = (
					"$(inherited)",
					"@executable_path/Frameworks",
				);
				PRODUCT_BUNDLE_IDENTIFIER = com.GwangYongLee.SwiftUIExample;
				PRODUCT_NAME = "$(TARGET_NAME)";
				SWIFT_VERSION = 5.0;
				TARGETED_DEVICE_FAMILY = "1,2";
			};
			name = Debug;
		};
		FCFA8F8222B0A64600DABBDE /* Release */ = {
			isa = XCBuildConfiguration;
			buildSettings = {
				ASSETCATALOG_COMPILER_APPICON_NAME = AppIcon;
				CODE_SIGN_STYLE = Automatic;
				DEVELOPMENT_ASSET_PATHS = "SwiftUIExample/Preview\\ Content";
				DEVELOPMENT_TEAM = 2HN43854TM;
				ENABLE_PREVIEWS = YES;
				INFOPLIST_FILE = SwiftUIExample/Info.plist;
				LD_RUNPATH_SEARCH_PATHS = (
					"$(inherited)",
					"@executable_path/Frameworks",
				);
				PRODUCT_BUNDLE_IDENTIFIER = com.GwangYongLee.SwiftUIExample;
				PRODUCT_NAME = "$(TARGET_NAME)";
				SWIFT_VERSION = 5.0;
				TARGETED_DEVICE_FAMILY = "1,2";
			};
			name = Release;
		};
/* End XCBuildConfiguration section */

/* Begin XCConfigurationList section */
		FCFA8F6722B0A64200DABBDE /* Build configuration list for PBXProject "SwiftUIExample" */ = {
			isa = XCConfigurationList;
			buildConfigurations = (
				FCFA8F7E22B0A64600DABBDE /* Debug */,
				FCFA8F7F22B0A64600DABBDE /* Release */,
			);
			defaultConfigurationIsVisible = 0;
			defaultConfigurationName = Release;
		};
		FCFA8F8022B0A64600DABBDE /* Build configuration list for PBXNativeTarget "SwiftUIExample" */ = {
			isa = XCConfigurationList;
			buildConfigurations = (
				FCFA8F8122B0A64600DABBDE /* Debug */,
				FCFA8F8222B0A64600DABBDE /* Release */,
			);
			defaultConfigurationIsVisible = 0;
			defaultConfigurationName = Release;
		};
/* End XCConfigurationList section */
	};
	rootObject = FCFA8F6422B0A64200DABBDE /* Project object */;
}
